
Microsoft Visual Studio Solution File, Format Version 12.00
# Visual Studio 14
VisualStudioVersion = 14.0.25420.1
MinimumVisualStudioVersion = 10.0.40219.1
Project("{2150E333-8FDC-42A3-9474-1A3956D46DE8}") = ".paket", ".paket", "{D8045E2D-AF68-48BA-AD6C-DC02C58B7DE4}"
	ProjectSection(SolutionItems) = preProject
		..\paket.dependencies = ..\paket.dependencies
	EndProjectSection
EndProject
Project("{FAE04EC0-301F-11D3-BF4B-00C04F79EFBC}") = "InternalsVisibleToFixer", "InternalsVisibleToFixer\InternalsVisibleToFixer\InternalsVisibleToFixer.csproj", "{B34F8E2B-2511-4253-BBB3-54825C6C6D61}"
EndProject
Project("{FAE04EC0-301F-11D3-BF4B-00C04F79EFBC}") = "InternalsVisibleToFixer.Test", "InternalsVisibleToFixer\InternalsVisibleToFixer.Test\InternalsVisibleToFixer.Test.csproj", "{892F7537-9804-4EC5-BFD7-BFE2A26C6CA7}"
EndProject
Project("{FAE04EC0-301F-11D3-BF4B-00C04F79EFBC}") = "InternalsVisibleToFixer.Vsix", "InternalsVisibleToFixer\InternalsVisibleToFixer.Vsix\InternalsVisibleToFixer.Vsix.csproj", "{BFE76FDC-B50C-4812-8AE2-1F5903AC963B}"
EndProject
Global
	GlobalSection(SolutionConfigurationPlatforms) = preSolution
		Debug|Any CPU = Debug|Any CPU
		Release|Any CPU = Release|Any CPU
	EndGlobalSection
	GlobalSection(ProjectConfigurationPlatforms) = postSolution
		{B34F8E2B-2511-4253-BBB3-54825C6C6D61}.Debug|Any CPU.ActiveCfg = Debug|Any CPU
		{B34F8E2B-2511-4253-BBB3-54825C6C6D61}.Debug|Any CPU.Build.0 = Debug|Any CPU
		{B34F8E2B-2511-4253-BBB3-54825C6C6D61}.Release|Any CPU.ActiveCfg = Release|Any CPU
		{B34F8E2B-2511-4253-BBB3-54825C6C6D61}.Release|Any CPU.Build.0 = Release|Any CPU
		{892F7537-9804-4EC5-BFD7-BFE2A26C6CA7}.Debug|Any CPU.ActiveCfg = Debug|Any CPU
		{892F7537-9804-4EC5-BFD7-BFE2A26C6CA7}.Debug|Any CPU.Build.0 = Debug|Any CPU
		{892F7537-9804-4EC5-BFD7-BFE2A26C6CA7}.Release|Any CPU.ActiveCfg = Release|Any CPU
		{892F7537-9804-4EC5-BFD7-BFE2A26C6CA7}.Release|Any CPU.Build.0 = Release|Any CPU
		{BFE76FDC-B50C-4812-8AE2-1F5903AC963B}.Debug|Any CPU.ActiveCfg = Debug|Any CPU
		{BFE76FDC-B50C-4812-8AE2-1F5903AC963B}.Debug|Any CPU.Build.0 = Debug|Any CPU
		{BFE76FDC-B50C-4812-8AE2-1F5903AC963B}.Release|Any CPU.ActiveCfg = Release|Any CPU
		{BFE76FDC-B50C-4812-8AE2-1F5903AC963B}.Release|Any CPU.Build.0 = Release|Any CPU
	EndGlobalSection
	GlobalSection(SolutionProperties) = preSolution
		HideSolutionNode = FALSE
	EndGlobalSection
EndGlobal
